
Microsoft Visual Studio Solution File, Format Version 12.00
# Visual Studio 15
VisualStudioVersion = 15.0.27428.2005
MinimumVisualStudioVersion = 10.0.40219.1
Project("{FAE04EC0-301F-11D3-BF4B-00C04F79EFBC}") = "test_chrome_open_timie", "test_chrome_open_timie.csproj", "{2283F8EF-5942-4098-B3FD-77627401381B}"
EndProject
Global
	GlobalSection(SolutionConfigurationPlatforms) = preSolution
		Debug|Any CPU = Debug|Any CPU
		Release|Any CPU = Release|Any CPU
	EndGlobalSection
	GlobalSection(ProjectConfigurationPlatforms) = postSolution
		{2283F8EF-5942-4098-B3FD-77627401381B}.Debug|Any CPU.ActiveCfg = Debug|Any CPU
		{2283F8EF-5942-4098-B3FD-77627401381B}.Debug|Any CPU.Build.0 = Debug|Any CPU
		{2283F8EF-5942-4098-B3FD-77627401381B}.Release|Any CPU.ActiveCfg = Release|Any CPU
		{2283F8EF-5942-4098-B3FD-77627401381B}.Release|Any CPU.Build.0 = Release|Any CPU
	EndGlobalSection
	GlobalSection(SolutionProperties) = preSolution
		HideSolutionNode = FALSE
	EndGlobalSection
	GlobalSection(ExtensibilityGlobals) = postSolution
		SolutionGuid = {8954713B-44D3-4F1A-B9CF-15301B42BC71}
	EndGlobalSection
EndGlobal
